PODS:
  - pop (1.0.10)
  - ShadeView (0.1.15):
    - pop (~> 1.0)

DEPENDENCIES:
  - ShadeView (from `../`)

SPEC REPOS:
  https://github.com/cocoapods/specs.git:
    - pop

EXTERNAL SOURCES:
  ShadeView:
    :path: "../"

SPEC CHECKSUMS:
  pop: 82ca6b068ce9278fd350fd9dd09482a0ce9492e6
  ShadeView: 55c6f65900a85a2d866474116f59212d990d2e50

PODFILE CHECKSUM: dc28743ef0bbecf1ff4a8ce1a271cd5cb8e4b7fa

COCOAPODS: 1.5.3
